
Microsoft Visual Studio Solution File, Format Version 12.00
# Visual Studio Version 16
VisualStudioVersion = 16.0.29209.62
MinimumVisualStudioVersion = 10.0.40219.1
Project("{9A19103F-16F7-4668-BE54-9A1E7A4F7556}") = "JeSuisCatho.Shared", "..\JeSuisCatho.Shared\JeSuisCatho.Shared.csproj", "{5FCEC91F-F1E4-4809-A666-DC6E9435568D}"
EndProject
Project("{2150E333-8FDC-42A3-9474-1A3956D46DE8}") = "MobileApps", "MobileApps", "{38C8DBE5-17A5-4E94-97D4-D5B21134E324}"
EndProject
Project("{FAE04EC0-301F-11D3-BF4B-00C04F79EFBC}") = "JeSuisCatho.Phone.UWP", "..\JeSuisCatho.Phone\JeSuisCatho.Phone.UWP\JeSuisCatho.Phone.UWP.csproj", "{3EAA7171-61B5-4BB7-9164-28BDFFCFFA34}"
EndProject
Project("{FAE04EC0-301F-11D3-BF4B-00C04F79EFBC}") = "JeSuisCatho.Phone.Android", "..\JeSuisCatho.Phone\JeSuisCatho.Phone.Android\JeSuisCatho.Phone.Android.csproj", "{02557EB8-A7AC-4000-A208-C672BBA90B62}"
EndProject
Project("{FAE04EC0-301F-11D3-BF4B-00C04F79EFBC}") = "JeSuisCatho.Phone.iOS", "..\JeSuisCatho.Phone\JeSuisCatho.Phone.iOS\JeSuisCatho.Phone.iOS.csproj", "{EA2D0D9F-23CD-4633-A439-E8E10B51A9E5}"
EndProject
Project("{9A19103F-16F7-4668-BE54-9A1E7A4F7556}") = "JeSuisCatho.Phone", "..\JeSuisCatho.Phone\JeSuisCatho.Phone\JeSuisCatho.Phone.csproj", "{F0EDF87E-0C49-4F7E-80D0-ABB01E700790}"
EndProject
Project("{2150E333-8FDC-42A3-9474-1A3956D46DE8}") = "WebService", "WebService", "{1E4B99B4-652C-486F-A8EA-90304756EDAC}"
EndProject
Project("{FAE04EC0-301F-11D3-BF4B-00C04F79EFBC}") = "JeSuisCatho.Web.API", "JeSuisCatho.Web.API\JeSuisCatho.Web.API.csproj", "{C32288C0-1A4E-4275-9E0F-731CD87DE6B0}"
EndProject
Global
	GlobalSection(SolutionConfigurationPlatforms) = preSolution
		Debug|Any CPU = Debug|Any CPU
		Debug|ARM = Debug|ARM
		Debug|ARM64 = Debug|ARM64
		Debug|iPhone = Debug|iPhone
		Debug|iPhoneSimulator = Debug|iPhoneSimulator
		Debug|x64 = Debug|x64
		Debug|x86 = Debug|x86
		Release|Any CPU = Release|Any CPU
		Release|ARM = Release|ARM
		Release|ARM64 = Release|ARM64
		Release|iPhone = Release|iPhone
		Release|iPhoneSimulator = Release|iPhoneSimulator
		Release|x64 = Release|x64
		Release|x86 = Release|x86
	EndGlobalSection
	GlobalSection(ProjectConfigurationPlatforms) = postSolution
		{5FCEC91F-F1E4-4809-A666-DC6E9435568D}.Debug|Any CPU.ActiveCfg = Debug|Any CPU
		{5FCEC91F-F1E4-4809-A666-DC6E9435568D}.Debug|Any CPU.Build.0 = Debug|Any CPU
		{5FCEC91F-F1E4-4809-A666-DC6E9435568D}.Debug|ARM.ActiveCfg = Debug|Any CPU
		{5FCEC91F-F1E4-4809-A666-DC6E9435568D}.Debug|ARM.Build.0 = Debug|Any CPU
		{5FCEC91F-F1E4-4809-A666-DC6E9435568D}.Debug|ARM64.ActiveCfg = Debug|Any CPU
		{5FCEC91F-F1E4-4809-A666-DC6E9435568D}.Debug|ARM64.Build.0 = Debug|Any CPU
		{5FCEC91F-F1E4-4809-A666-DC6E9435568D}.Debug|iPhone.ActiveCfg = Debug|Any CPU
		{5FCEC91F-F1E4-4809-A666-DC6E9435568D}.Debug|iPhone.Build.0 = Debug|Any CPU
		{5FCEC91F-F1E4-4809-A666-DC6E9435568D}.Debug|iPhoneSimulator.ActiveCfg = Debug|Any CPU
		{5FCEC91F-F1E4-4809-A666-DC6E9435568D}.Debug|iPhoneSimulator.Build.0 = Debug|Any CPU
		{5FCEC91F-F1E4-4809-A666-DC6E9435568D}.Debug|x64.ActiveCfg = Debug|Any CPU
		{5FCEC91F-F1E4-4809-A666-DC6E9435568D}.Debug|x64.Build.0 = Debug|Any CPU
		{5FCEC91F-F1E4-4809-A666-DC6E9435568D}.Debug|x86.ActiveCfg = Debug|Any CPU
		{5FCEC91F-F1E4-4809-A666-DC6E9435568D}.Debug|x86.Build.0 = Debug|Any CPU
		{5FCEC91F-F1E4-4809-A666-DC6E9435568D}.Release|Any CPU.ActiveCfg = Release|Any CPU
		{5FCEC91F-F1E4-4809-A666-DC6E9435568D}.Release|Any CPU.Build.0 = Release|Any CPU
		{5FCEC91F-F1E4-4809-A666-DC6E9435568D}.Release|ARM.ActiveCfg = Release|Any CPU
		{5FCEC91F-F1E4-4809-A666-DC6E9435568D}.Release|ARM.Build.0 = Release|Any CPU
		{5FCEC91F-F1E4-4809-A666-DC6E9435568D}.Release|ARM64.ActiveCfg = Release|Any CPU
		{5FCEC91F-F1E4-4809-A666-DC6E9435568D}.Release|ARM64.Build.0 = Release|Any CPU
		{5FCEC91F-F1E4-4809-A666-DC6E9435568D}.Release|iPhone.ActiveCfg = Release|Any CPU
		{5FCEC91F-F1E4-4809-A666-DC6E9435568D}.Release|iPhone.Build.0 = Release|Any CPU
		{5FCEC91F-F1E4-4809-A666-DC6E9435568D}.Release|iPhoneSimulator.ActiveCfg = Release|Any CPU
		{5FCEC91F-F1E4-4809-A666-DC6E9435568D}.Release|iPhoneSimulator.Build.0 = Release|Any CPU
		{5FCEC91F-F1E4-4809-A666-DC6E9435568D}.Release|x64.ActiveCfg = Release|Any CPU
		{5FCEC91F-F1E4-4809-A666-DC6E9435568D}.Release|x64.Build.0 = Release|Any CPU
		{5FCEC91F-F1E4-4809-A666-DC6E9435568D}.Release|x86.ActiveCfg = Release|Any CPU
		{5FCEC91F-F1E4-4809-A666-DC6E9435568D}.Release|x86.Build.0 = Release|Any CPU
		{3EAA7171-61B5-4BB7-9164-28BDFFCFFA34}.Debug|Any CPU.ActiveCfg = Debug|x86
		{3EAA7171-61B5-4BB7-9164-28BDFFCFFA34}.Debug|ARM.ActiveCfg = Debug|ARM
		{3EAA7171-61B5-4BB7-9164-28BDFFCFFA34}.Debug|ARM.Build.0 = Debug|ARM
		{3EAA7171-61B5-4BB7-9164-28BDFFCFFA34}.Debug|ARM.Deploy.0 = Debug|ARM
		{3EAA7171-61B5-4BB7-9164-28BDFFCFFA34}.Debug|ARM64.ActiveCfg = Debug|x86
		{3EAA7171-61B5-4BB7-9164-28BDFFCFFA34}.Debug|iPhone.ActiveCfg = Debug|x86
		{3EAA7171-61B5-4BB7-9164-28BDFFCFFA34}.Debug|iPhoneSimulator.ActiveCfg = Debug|x86
		{3EAA7171-61B5-4BB7-9164-28BDFFCFFA34}.Debug|x64.ActiveCfg = Debug|x64
		{3EAA7171-61B5-4BB7-9164-28BDFFCFFA34}.Debug|x64.Build.0 = Debug|x64
		{3EAA7171-61B5-4BB7-9164-28BDFFCFFA34}.Debug|x64.Deploy.0 = Debug|x64
		{3EAA7171-61B5-4BB7-9164-28BDFFCFFA34}.Debug|x86.ActiveCfg = Debug|x86
		{3EAA7171-61B5-4BB7-9164-28BDFFCFFA34}.Debug|x86.Build.0 = Debug|x86
		{3EAA7171-61B5-4BB7-9164-28BDFFCFFA34}.Debug|x86.Deploy.0 = Debug|x86
		{3EAA7171-61B5-4BB7-9164-28BDFFCFFA34}.Release|Any CPU.ActiveCfg = Release|x86
		{3EAA7171-61B5-4BB7-9164-28BDFFCFFA34}.Release|ARM.ActiveCfg = Release|ARM
		{3EAA7171-61B5-4BB7-9164-28BDFFCFFA34}.Release|ARM.Build.0 = Release|ARM
		{3EAA7171-61B5-4BB7-9164-28BDFFCFFA34}.Release|ARM.Deploy.0 = Release|ARM
		{3EAA7171-61B5-4BB7-9164-28BDFFCFFA34}.Release|ARM64.ActiveCfg = Release|x86
		{3EAA7171-61B5-4BB7-9164-28BDFFCFFA34}.Release|iPhone.ActiveCfg = Release|x86
		{3EAA7171-61B5-4BB7-9164-28BDFFCFFA34}.Release|iPhoneSimulator.ActiveCfg = Release|x86
		{3EAA7171-61B5-4BB7-9164-28BDFFCFFA34}.Release|x64.ActiveCfg = Release|x64
		{3EAA7171-61B5-4BB7-9164-28BDFFCFFA34}.Release|x64.Build.0 = Release|x64
		{3EAA7171-61B5-4BB7-9164-28BDFFCFFA34}.Release|x64.Deploy.0 = Release|x64
		{3EAA7171-61B5-4BB7-9164-28BDFFCFFA34}.Release|x86.ActiveCfg = Release|x86
		{3EAA7171-61B5-4BB7-9164-28BDFFCFFA34}.Release|x86.Build.0 = Release|x86
		{3EAA7171-61B5-4BB7-9164-28BDFFCFFA34}.Release|x86.Deploy.0 = Release|x86
		{02557EB8-A7AC-4000-A208-C672BBA90B62}.Debug|Any CPU.ActiveCfg = Debug|Any CPU
		{02557EB8-A7AC-4000-A208-C672BBA90B62}.Debug|Any CPU.Build.0 = Debug|Any CPU
		{02557EB8-A7AC-4000-A208-C672BBA90B62}.Debug|Any CPU.Deploy.0 = Debug|Any CPU
		{02557EB8-A7AC-4000-A208-C672BBA90B62}.Debug|ARM.ActiveCfg = Debug|Any CPU
		{02557EB8-A7AC-4000-A208-C672BBA90B62}.Debug|ARM.Build.0 = Debug|Any CPU
		{02557EB8-A7AC-4000-A208-C672BBA90B62}.Debug|ARM.Deploy.0 = Debug|Any CPU
		{02557EB8-A7AC-4000-A208-C672BBA90B62}.Debug|ARM64.ActiveCfg = Debug|Any CPU
		{02557EB8-A7AC-4000-A208-C672BBA90B62}.Debug|ARM64.Build.0 = Debug|Any CPU
		{02557EB8-A7AC-4000-A208-C672BBA90B62}.Debug|ARM64.Deploy.0 = Debug|Any CPU
		{02557EB8-A7AC-4000-A208-C672BBA90B62}.Debug|iPhone.ActiveCfg = Debug|Any CPU
		{02557EB8-A7AC-4000-A208-C672BBA90B62}.Debug|iPhone.Build.0 = Debug|Any CPU
		{02557EB8-A7AC-4000-A208-C672BBA90B62}.Debug|iPhone.Deploy.0 = Debug|Any CPU
		{02557EB8-A7AC-4000-A208-C672BBA90B62}.Debug|iPhoneSimulator.ActiveCfg = Debug|Any CPU
		{02557EB8-A7AC-4000-A208-C672BBA90B62}.Debug|iPhoneSimulator.Build.0 = Debug|Any CPU
		{02557EB8-A7AC-4000-A208-C672BBA90B62}.Debug|iPhoneSimulator.Deploy.0 = Debug|Any CPU
		{02557EB8-A7AC-4000-A208-C672BBA90B62}.Debug|x64.ActiveCfg = Debug|Any CPU
		{02557EB8-A7AC-4000-A208-C672BBA90B62}.Debug|x64.Build.0 = Debug|Any CPU
		{02557EB8-A7AC-4000-A208-C672BBA90B62}.Debug|x64.Deploy.0 = Debug|Any CPU
		{02557EB8-A7AC-4000-A208-C672BBA90B62}.Debug|x86.ActiveCfg = Debug|Any CPU
		{02557EB8-A7AC-4000-A208-C672BBA90B62}.Debug|x86.Build.0 = Debug|Any CPU
		{02557EB8-A7AC-4000-A208-C672BBA90B62}.Debug|x86.Deploy.0 = Debug|Any CPU
		{02557EB8-A7AC-4000-A208-C672BBA90B62}.Release|Any CPU.ActiveCfg = Release|Any CPU
		{02557EB8-A7AC-4000-A208-C672BBA90B62}.Release|Any CPU.Build.0 = Release|Any CPU
		{02557EB8-A7AC-4000-A208-C672BBA90B62}.Release|Any CPU.Deploy.0 = Release|Any CPU
		{02557EB8-A7AC-4000-A208-C672BBA90B62}.Release|ARM.ActiveCfg = Release|Any CPU
		{02557EB8-A7AC-4000-A208-C672BBA90B62}.Release|ARM.Build.0 = Release|Any CPU
		{02557EB8-A7AC-4000-A208-C672BBA90B62}.Release|ARM.Deploy.0 = Release|Any CPU
		{02557EB8-A7AC-4000-A208-C672BBA90B62}.Release|ARM64.ActiveCfg = Release|Any CPU
		{02557EB8-A7AC-4000-A208-C672BBA90B62}.Release|ARM64.Build.0 = Release|Any CPU
		{02557EB8-A7AC-4000-A208-C672BBA90B62}.Release|ARM64.Deploy.0 = Release|Any CPU
		{02557EB8-A7AC-4000-A208-C672BBA90B62}.Release|iPhone.ActiveCfg = Release|Any CPU
		{02557EB8-A7AC-4000-A208-C672BBA90B62}.Release|iPhone.Build.0 = Release|Any CPU
		{02557EB8-A7AC-4000-A208-C672BBA90B62}.Release|iPhone.Deploy.0 = Release|Any CPU
		{02557EB8-A7AC-4000-A208-C672BBA90B62}.Release|iPhoneSimulator.ActiveCfg = Release|Any CPU
		{02557EB8-A7AC-4000-A208-C672BBA90B62}.Release|iPhoneSimulator.Build.0 = Release|Any CPU
		{02557EB8-A7AC-4000-A208-C672BBA90B62}.Release|iPhoneSimulator.Deploy.0 = Release|Any CPU
		{02557EB8-A7AC-4000-A208-C672BBA90B62}.Release|x64.ActiveCfg = Release|Any CPU
		{02557EB8-A7AC-4000-A208-C672BBA90B62}.Release|x64.Build.0 = Release|Any CPU
		{02557EB8-A7AC-4000-A208-C672BBA90B62}.Release|x64.Deploy.0 = Release|Any CPU
		{02557EB8-A7AC-4000-A208-C672BBA90B62}.Release|x86.ActiveCfg = Release|Any CPU
		{02557EB8-A7AC-4000-A208-C672BBA90B62}.Release|x86.Build.0 = Release|Any CPU
		{02557EB8-A7AC-4000-A208-C672BBA90B62}.Release|x86.Deploy.0 = Release|Any CPU
		{EA2D0D9F-23CD-4633-A439-E8E10B51A9E5}.Debug|Any CPU.ActiveCfg = Debug|iPhone
		{EA2D0D9F-23CD-4633-A439-E8E10B51A9E5}.Debug|ARM.ActiveCfg = Debug|iPhone
		{EA2D0D9F-23CD-4633-A439-E8E10B51A9E5}.Debug|ARM64.ActiveCfg = Debug|iPhone
		{EA2D0D9F-23CD-4633-A439-E8E10B51A9E5}.Debug|iPhone.ActiveCfg = Debug|iPhone
		{EA2D0D9F-23CD-4633-A439-E8E10B51A9E5}.Debug|iPhone.Build.0 = Debug|iPhone
		{EA2D0D9F-23CD-4633-A439-E8E10B51A9E5}.Debug|iPhoneSimulator.ActiveCfg = Debug|iPhoneSimulator
		{EA2D0D9F-23CD-4633-A439-E8E10B51A9E5}.Debug|iPhoneSimulator.Build.0 = Debug|iPhoneSimulator
		{EA2D0D9F-23CD-4633-A439-E8E10B51A9E5}.Debug|x64.ActiveCfg = Debug|iPhone
		{EA2D0D9F-23CD-4633-A439-E8E10B51A9E5}.Debug|x86.ActiveCfg = Debug|iPhone
		{EA2D0D9F-23CD-4633-A439-E8E10B51A9E5}.Release|Any CPU.ActiveCfg = Release|iPhone
		{EA2D0D9F-23CD-4633-A439-E8E10B51A9E5}.Release|ARM.ActiveCfg = Release|iPhone
		{EA2D0D9F-23CD-4633-A439-E8E10B51A9E5}.Release|ARM64.ActiveCfg = Release|iPhone
		{EA2D0D9F-23CD-4633-A439-E8E10B51A9E5}.Release|iPhone.ActiveCfg = Release|iPhone
		{EA2D0D9F-23CD-4633-A439-E8E10B51A9E5}.Release|iPhone.Build.0 = Release|iPhone
		{EA2D0D9F-23CD-4633-A439-E8E10B51A9E5}.Release|iPhoneSimulator.ActiveCfg = Release|iPhoneSimulator
		{EA2D0D9F-23CD-4633-A439-E8E10B51A9E5}.Release|iPhoneSimulator.Build.0 = Release|iPhoneSimulator
		{EA2D0D9F-23CD-4633-A439-E8E10B51A9E5}.Release|x64.ActiveCfg = Release|iPhone
		{EA2D0D9F-23CD-4633-A439-E8E10B51A9E5}.Release|x86.ActiveCfg = Release|iPhone
		{F0EDF87E-0C49-4F7E-80D0-ABB01E700790}.Debug|Any CPU.ActiveCfg = Debug|Any CPU
		{F0EDF87E-0C49-4F7E-80D0-ABB01E700790}.Debug|Any CPU.Build.0 = Debug|Any CPU
		{F0EDF87E-0C49-4F7E-80D0-ABB01E700790}.Debug|ARM.ActiveCfg = Debug|Any CPU
		{F0EDF87E-0C49-4F7E-80D0-ABB01E700790}.Debug|ARM.Build.0 = Debug|Any CPU
		{F0EDF87E-0C49-4F7E-80D0-ABB01E700790}.Debug|ARM64.ActiveCfg = Debug|Any CPU
		{F0EDF87E-0C49-4F7E-80D0-ABB01E700790}.Debug|ARM64.Build.0 = Debug|Any CPU
		{F0EDF87E-0C49-4F7E-80D0-ABB01E700790}.Debug|iPhone.ActiveCfg = Debug|Any CPU
		{F0EDF87E-0C49-4F7E-80D0-ABB01E700790}.Debug|iPhone.Build.0 = Debug|Any CPU
		{F0EDF87E-0C49-4F7E-80D0-ABB01E700790}.Debug|iPhoneSimulator.ActiveCfg = Debug|Any CPU
		{F0EDF87E-0C49-4F7E-80D0-ABB01E700790}.Debug|iPhoneSimulator.Build.0 = Debug|Any CPU
		{F0EDF87E-0C49-4F7E-80D0-ABB01E700790}.Debug|x64.ActiveCfg = Debug|Any CPU
		{F0EDF87E-0C49-4F7E-80D0-ABB01E700790}.Debug|x64.Build.0 = Debug|Any CPU
		{F0EDF87E-0C49-4F7E-80D0-ABB01E700790}.Debug|x86.ActiveCfg = Debug|Any CPU
		{F0EDF87E-0C49-4F7E-80D0-ABB01E700790}.Debug|x86.Build.0 = Debug|Any CPU
		{F0EDF87E-0C49-4F7E-80D0-ABB01E700790}.Release|Any CPU.ActiveCfg = Release|Any CPU
		{F0EDF87E-0C49-4F7E-80D0-ABB01E700790}.Release|Any CPU.Build.0 = Release|Any CPU
		{F0EDF87E-0C49-4F7E-80D0-ABB01E700790}.Release|ARM.ActiveCfg = Release|Any CPU
		{F0EDF87E-0C49-4F7E-80D0-ABB01E700790}.Release|ARM.Build.0 = Release|Any CPU
		{F0EDF87E-0C49-4F7E-80D0-ABB01E700790}.Release|ARM64.ActiveCfg = Release|Any CPU
		{F0EDF87E-0C49-4F7E-80D0-ABB01E700790}.Release|ARM64.Build.0 = Release|Any CPU
		{F0EDF87E-0C49-4F7E-80D0-ABB01E700790}.Release|iPhone.ActiveCfg = Release|Any CPU
		{F0EDF87E-0C49-4F7E-80D0-ABB01E700790}.Release|iPhone.Build.0 = Release|Any CPU
		{F0EDF87E-0C49-4F7E-80D0-ABB01E700790}.Release|iPhoneSimulator.ActiveCfg = Release|Any CPU
		{F0EDF87E-0C49-4F7E-80D0-ABB01E700790}.Release|iPhoneSimulator.Build.0 = Release|Any CPU
		{F0EDF87E-0C49-4F7E-80D0-ABB01E700790}.Release|x64.ActiveCfg = Release|Any CPU
		{F0EDF87E-0C49-4F7E-80D0-ABB01E700790}.Release|x64.Build.0 = Release|Any CPU
		{F0EDF87E-0C49-4F7E-80D0-ABB01E700790}.Release|x86.ActiveCfg = Release|Any CPU
		{F0EDF87E-0C49-4F7E-80D0-ABB01E700790}.Release|x86.Build.0 = Release|Any CPU
		{C32288C0-1A4E-4275-9E0F-731CD87DE6B0}.Debug|Any CPU.ActiveCfg = Debug|Any CPU
		{C32288C0-1A4E-4275-9E0F-731CD87DE6B0}.Debug|Any CPU.Build.0 = Debug|Any CPU
		{C32288C0-1A4E-4275-9E0F-731CD87DE6B0}.Debug|ARM.ActiveCfg = Debug|Any CPU
		{C32288C0-1A4E-4275-9E0F-731CD87DE6B0}.Debug|ARM.Build.0 = Debug|Any CPU
		{C32288C0-1A4E-4275-9E0F-731CD87DE6B0}.Debug|ARM64.ActiveCfg = Debug|Any CPU
		{C32288C0-1A4E-4275-9E0F-731CD87DE6B0}.Debug|ARM64.Build.0 = Debug|Any CPU
		{C32288C0-1A4E-4275-9E0F-731CD87DE6B0}.Debug|iPhone.ActiveCfg = Debug|Any CPU
		{C32288C0-1A4E-4275-9E0F-731CD87DE6B0}.Debug|iPhone.Build.0 = Debug|Any CPU
		{C32288C0-1A4E-4275-9E0F-731CD87DE6B0}.Debug|iPhoneSimulator.ActiveCfg = Debug|Any CPU
		{C32288C0-1A4E-4275-9E0F-731CD87DE6B0}.Debug|iPhoneSimulator.Build.0 = Debug|Any CPU
		{C32288C0-1A4E-4275-9E0F-731CD87DE6B0}.Debug|x64.ActiveCfg = Debug|Any CPU
		{C32288C0-1A4E-4275-9E0F-731CD87DE6B0}.Debug|x64.Build.0 = Debug|Any CPU
		{C32288C0-1A4E-4275-9E0F-731CD87DE6B0}.Debug|x86.ActiveCfg = Debug|Any CPU
		{C32288C0-1A4E-4275-9E0F-731CD87DE6B0}.Debug|x86.Build.0 = Debug|Any CPU
		{C32288C0-1A4E-4275-9E0F-731CD87DE6B0}.Release|Any CPU.ActiveCfg = Release|Any CPU
		{C32288C0-1A4E-4275-9E0F-731CD87DE6B0}.Release|Any CPU.Build.0 = Release|Any CPU
		{C32288C0-1A4E-4275-9E0F-731CD87DE6B0}.Release|ARM.ActiveCfg = Release|Any CPU
		{C32288C0-1A4E-4275-9E0F-731CD87DE6B0}.Release|ARM.Build.0 = Release|Any CPU
		{C32288C0-1A4E-4275-9E0F-731CD87DE6B0}.Release|ARM64.ActiveCfg = Release|Any CPU
		{C32288C0-1A4E-4275-9E0F-731CD87DE6B0}.Release|ARM64.Build.0 = Release|Any CPU
		{C32288C0-1A4E-4275-9E0F-731CD87DE6B0}.Release|iPhone.ActiveCfg = Release|Any CPU
		{C32288C0-1A4E-4275-9E0F-731CD87DE6B0}.Release|iPhone.Build.0 = Release|Any CPU
		{C32288C0-1A4E-4275-9E0F-731CD87DE6B0}.Release|iPhoneSimulator.ActiveCfg = Release|Any CPU
		{C32288C0-1A4E-4275-9E0F-731CD87DE6B0}.Release|iPhoneSimulator.Build.0 = Release|Any CPU
		{C32288C0-1A4E-4275-9E0F-731CD87DE6B0}.Release|x64.ActiveCfg = Release|Any CPU
		{C32288C0-1A4E-4275-9E0F-731CD87DE6B0}.Release|x64.Build.0 = Release|Any CPU
		{C32288C0-1A4E-4275-9E0F-731CD87DE6B0}.Release|x86.ActiveCfg = Release|Any CPU
		{C32288C0-1A4E-4275-9E0F-731CD87DE6B0}.Release|x86.Build.0 = Release|Any CPU
	EndGlobalSection
	GlobalSection(SolutionProperties) = preSolution
		HideSolutionNode = FALSE
	EndGlobalSection
	GlobalSection(NestedProjects) = preSolution
		{3EAA7171-61B5-4BB7-9164-28BDFFCFFA34} = {38C8DBE5-17A5-4E94-97D4-D5B21134E324}
		{02557EB8-A7AC-4000-A208-C672BBA90B62} = {38C8DBE5-17A5-4E94-97D4-D5B21134E324}
		{EA2D0D9F-23CD-4633-A439-E8E10B51A9E5} = {38C8DBE5-17A5-4E94-97D4-D5B21134E324}
		{F0EDF87E-0C49-4F7E-80D0-ABB01E700790} = {38C8DBE5-17A5-4E94-97D4-D5B21134E324}
		{C32288C0-1A4E-4275-9E0F-731CD87DE6B0} = {1E4B99B4-652C-486F-A8EA-90304756EDAC}
	EndGlobalSection
	GlobalSection(ExtensibilityGlobals) = postSolution
		SolutionGuid = {BCB92D05-5287-407D-B837-B857E73A1762}
	EndGlobalSection
EndGlobal
